
Microsoft Visual Studio Solution File, Format Version 12.00
# Visual Studio Version 17
VisualStudioVersion = 17.10.35013.160
MinimumVisualStudioVersion = 10.0.40219.1
Project("{FAE04EC0-301F-11D3-BF4B-00C04F79EFBC}") = "AdoNet", "AdoNet\AdoNet.csproj", "{FCFC5FD0-D3B7-44DE-97B1-699EE2C9A9EF}"
EndProject
Global
	GlobalSection(SolutionConfigurationPlatforms) = preSolution
		Debug|Any CPU = Debug|Any CPU
		Release|Any CPU = Release|Any CPU
	EndGlobalSection
	GlobalSection(ProjectConfigurationPlatforms) = postSolution
		{FCFC5FD0-D3B7-44DE-97B1-699EE2C9A9EF}.Debug|Any CPU.ActiveCfg = Debug|Any CPU
		{FCFC5FD0-D3B7-44DE-97B1-699EE2C9A9EF}.Debug|Any CPU.Build.0 = Debug|Any CPU
		{FCFC5FD0-D3B7-44DE-97B1-699EE2C9A9EF}.Release|Any CPU.ActiveCfg = Release|Any CPU
		{FCFC5FD0-D3B7-44DE-97B1-699EE2C9A9EF}.Release|Any CPU.Build.0 = Release|Any CPU
	EndGlobalSection
	GlobalSection(SolutionProperties) = preSolution
		HideSolutionNode = FALSE
	EndGlobalSection
	GlobalSection(ExtensibilityGlobals) = postSolution
		SolutionGuid = {3ADEA985-B8FF-4F66-BCC8-464303D46033}
	EndGlobalSection
EndGlobal
